// !$*UTF8*$!
{
	archiveVersion = 1;
	classes = {
	};
	objectVersion = 55;
	objects = {

/* Begin PBXBuildFile section */
		6268B12927FDEABA00B5F408 /* AppDelegate.swift in Sources */ = {isa = PBXBuildFile; fileRef = 6268B12827FDEABA00B5F408 /* AppDelegate.swift */; };
		6268B12B27FDEABA00B5F408 /* SceneDelegate.swift in Sources */ = {isa = PBXBuildFile; fileRef = 6268B12A27FDEABA00B5F408 /* SceneDelegate.swift */; };
		6268B12D27FDEABA00B5F408 /* ViewController.swift in Sources */ = {isa = PBXBuildFile; fileRef = 6268B12C27FDEABA00B5F408 /* ViewController.swift */; };
		6268B13027FDEABA00B5F408 /* Main.storyboard in Resources */ = {isa = PBXBuildFile; fileRef = 6268B12E27FDEABA00B5F408 /* Main.storyboard */; };
		6268B13227FDEABE00B5F408 /* Assets.xcassets in Resources */ = {isa = PBXBuildFile; fileRef = 6268B13127FDEABE00B5F408 /* Assets.xcassets */; };
		6268B13527FDEABE00B5F408 /* LaunchScreen.storyboard in Resources */ = {isa = PBXBuildFile; fileRef = 6268B13327FDEABE00B5F408 /* LaunchScreen.storyboard */; };
		6268B14027FDEABF00B5F408 /* coverFlow1Tests.swift in Sources */ = {isa = PBXBuildFile; fileRef = 6268B13F27FDEABF00B5F408 /* coverFlow1Tests.swift */; };
		6268B14A27FDEABF00B5F408 /* coverFlow1UITests.swift in Sources */ = {isa = PBXBuildFile; fileRef = 6268B14927FDEABF00B5F408 /* coverFlow1UITests.swift */; };
		6268B14C27FDEABF00B5F408 /* coverFlow1UITestsLaunchTests.swift in Sources */ = {isa = PBXBuildFile; fileRef = 6268B14B27FDEABF00B5F408 /* coverFlow1UITestsLaunchTests.swift */; };
/* End PBXBuildFile section */

/* Begin PBXContainerItemProxy section */
		6268B13C27FDEABF00B5F408 /* PBXContainerItemProxy */ = {
			isa = PBXContainerItemProxy;
			containerPortal = 6268B11D27FDEABA00B5F408 /* Project object */;
			proxyType = 1;
			remoteGlobalIDString = 6268B12427FDEABA00B5F408;
			remoteInfo = coverFlow1;
		};
		6268B14627FDEABF00B5F408 /* PBXContainerItemProxy */ = {
			isa = PBXContainerItemProxy;
			containerPortal = 6268B11D27FDEABA00B5F408 /* Project object */;
			proxyType = 1;
			remoteGlobalIDString = 6268B12427FDEABA00B5F408;
			remoteInfo = coverFlow1;
		};
/* End PBXContainerItemProxy section */

/* Begin PBXFileReference section */
		6268B12527FDEABA00B5F408 /* coverFlow1.app */ = {isa = PBXFileReference; explicitFileType = wrapper.application; includeInIndex = 0; path = coverFlow1.app; sourceTree = BUILT_PRODUCTS_DIR; };
		6268B12827FDEABA00B5F408 /* AppDelegate.swift */ = {isa = PBXFileReference; lastKnownFileType = sourcecode.swift; path = AppDelegate.swift; sourceTree = "<group>"; };
		6268B12A27FDEABA00B5F408 /* SceneDelegate.swift */ = {isa = PBXFileReference; lastKnownFileType = sourcecode.swift; path = SceneDelegate.swift; sourceTree = "<group>"; };
		6268B12C27FDEABA00B5F408 /* ViewController.swift */ = {isa = PBXFileReference; lastKnownFileType = sourcecode.swift; path = ViewController.swift; sourceTree = "<group>"; };
		6268B12F27FDEABA00B5F408 /* Base */ = {isa = PBXFileReference; lastKnownFileType = file.storyboard; name = Base; path = Base.lproj/Main.storyboard; sourceTree = "<group>"; };
		6268B13127FDEABE00B5F408 /* Assets.xcassets */ = {isa = PBXFileReference; lastKnownFileType = folder.assetcatalog; path = Assets.xcassets; sourceTree = "<group>"; };
		6268B13427FDEABE00B5F408 /* Base */ = {isa = PBXFileReference; lastKnownFileType = file.storyboard; name = Base; path = Base.lproj/LaunchScreen.storyboard; sourceTree = "<group>"; };
		6268B13627FDEABE00B5F408 /* Info.plist */ = {isa = PBXFileReference; lastKnownFileType = text.plist.xml; path = Info.plist; sourceTree = "<group>"; };
		6268B13B27FDEABF00B5F408 /* coverFlow1Tests.xctest */ = {isa = PBXFileReference; explicitFileType = wrapper.cfbundle; includeInIndex = 0; path = coverFlow1Tests.xctest; sourceTree = BUILT_PRODUCTS_DIR; };
		6268B13F27FDEABF00B5F408 /* coverFlow1Tests.swift */ = {isa = PBXFileReference; lastKnownFileType = sourcecode.swift; path = coverFlow1Tests.swift; sourceTree = "<group>"; };
		6268B14527FDEABF00B5F408 /* coverFlow1UITests.xctest */ = {isa = PBXFileReference; explicitFileType = wrapper.cfbundle; includeInIndex = 0; path = coverFlow1UITests.xctest; sourceTree = BUILT_PRODUCTS_DIR; };
		6268B14927FDEABF00B5F408 /* coverFlow1UITests.swift */ = {isa = PBXFileReference; lastKnownFileType = sourcecode.swift; path = coverFlow1UITests.swift; sourceTree = "<group>"; };
		6268B14B27FDEABF00B5F408 /* coverFlow1UITestsLaunchTests.swift */ = {isa = PBXFileReference; lastKnownFileType = sourcecode.swift; path = coverFlow1UITestsLaunchTests.swift; sourceTree = "<group>"; };
/* End PBXFileReference section */

/* Begin PBXFrameworksBuildPhase section */
		6268B12227FDEABA00B5F408 /* Frameworks */ = {
			isa = PBXFrameworksBuildPhase;
			buildActionMask = 2147483647;
			files = (
			);
			runOnlyForDeploymentPostprocessing = 0;
		};
		6268B13827FDEABF00B5F408 /* Frameworks */ = {
			isa = PBXFrameworksBuildPhase;
			buildActionMask = 2147483647;
			files = (
			);
			runOnlyForDeploymentPostprocessing = 0;
		};
		6268B14227FDEABF00B5F408 /* Frameworks */ = {
			isa = PBXFrameworksBuildPhase;
			buildActionMask = 2147483647;
			files = (
			);
			runOnlyForDeploymentPostprocessing = 0;
		};
/* End PBXFrameworksBuildPhase section */

/* Begin PBXGroup section */
		6268B11C27FDEABA00B5F408 = {
			isa = PBXGroup;
			children = (
				6268B12727FDEABA00B5F408 /* coverFlow1 */,
				6268B13E27FDEABF00B5F408 /* coverFlow1Tests */,
				6268B14827FDEABF00B5F408 /* coverFlow1UITests */,
				6268B12627FDEABA00B5F408 /* Products */,
			);
			sourceTree = "<group>";
		};
		6268B12627FDEABA00B5F408 /* Products */ = {
			isa = PBXGroup;
			children = (
				6268B12527FDEABA00B5F408 /* coverFlow1.app */,
				6268B13B27FDEABF00B5F408 /* coverFlow1Tests.xctest */,
				6268B14527FDEABF00B5F408 /* coverFlow1UITests.xctest */,
			);
			name = Products;
			sourceTree = "<group>";
		};
		6268B12727FDEABA00B5F408 /* coverFlow1 */ = {
			isa = PBXGroup;
			children = (
				6268B12827FDEABA00B5F408 /* AppDelegate.swift */,
				6268B12A27FDEABA00B5F408 /* SceneDelegate.swift */,
				6268B12C27FDEABA00B5F408 /* ViewController.swift */,
				6268B12E27FDEABA00B5F408 /* Main.storyboard */,
				6268B13127FDEABE00B5F408 /* Assets.xcassets */,
				6268B13327FDEABE00B5F408 /* LaunchScreen.storyboard */,
				6268B13627FDEABE00B5F408 /* Info.plist */,
			);
			path = coverFlow1;
			sourceTree = "<group>";
		};
		6268B13E27FDEABF00B5F408 /* coverFlow1Tests */ = {
			isa = PBXGroup;
			children = (
				6268B13F27FDEABF00B5F408 /* coverFlow1Tests.swift */,
			);
			path = coverFlow1Tests;
			sourceTree = "<group>";
		};
		6268B14827FDEABF00B5F408 /* coverFlow1UITests */ = {
			isa = PBXGroup;
			children = (
				6268B14927FDEABF00B5F408 /* coverFlow1UITests.swift */,
				6268B14B27FDEABF00B5F408 /* coverFlow1UITestsLaunchTests.swift */,
			);
			path = coverFlow1UITests;
			sourceTree = "<group>";
		};
/* End PBXGroup section */

/* Begin PBXNativeTarget section */
		6268B12427FDEABA00B5F408 /* coverFlow1 */ = {
			isa = PBXNativeTarget;
			buildConfigurationList = 6268B14F27FDEABF00B5F408 /* Build configuration list for PBXNativeTarget "coverFlow1" */;
			buildPhases = (
				6268B12127FDEABA00B5F408 /* Sources */,
				6268B12227FDEABA00B5F408 /* Frameworks */,
				6268B12327FDEABA00B5F408 /* Resources */,
			);
			buildRules = (
			);
			dependencies = (
			);
			name = coverFlow1;
			productName = coverFlow1;
			productReference = 6268B12527FDEABA00B5F408 /* coverFlow1.app */;
			productType = "com.apple.product-type.application";
		};
		6268B13A27FDEABF00B5F408 /* coverFlow1Tests */ = {
			isa = PBXNativeTarget;
			buildConfigurationList = 6268B15227FDEABF00B5F408 /* Build configuration list for PBXNativeTarget "coverFlow1Tests" */;
			buildPhases = (
				6268B13727FDEABF00B5F408 /* Sources */,
				6268B13827FDEABF00B5F408 /* Frameworks */,
				6268B13927FDEABF00B5F408 /* Resources */,
			);
			buildRules = (
			);
			dependencies = (
				6268B13D27FDEABF00B5F408 /* PBXTargetDependency */,
			);
			name = coverFlow1Tests;
			productName = coverFlow1Tests;
			productReference = 6268B13B27FDEABF00B5F408 /* coverFlow1Tests.xctest */;
			productType = "com.apple.product-type.bundle.unit-test";
		};
		6268B14427FDEABF00B5F408 /* coverFlow1UITests */ = {
			isa = PBXNativeTarget;
			buildConfigurationList = 6268B15527FDEABF00B5F408 /* Build configuration list for PBXNativeTarget "coverFlow1UITests" */;
			buildPhases = (
				6268B14127FDEABF00B5F408 /* Sources */,
				6268B14227FDEABF00B5F408 /* Frameworks */,
				6268B14327FDEABF00B5F408 /* Resources */,
			);
			buildRules = (
			);
			dependencies = (
				6268B14727FDEABF00B5F408 /* PBXTargetDependency */,
			);
			name = coverFlow1UITests;
			productName = coverFlow1UITests;
			productReference = 6268B14527FDEABF00B5F408 /* coverFlow1UITests.xctest */;
			productType = "com.apple.product-type.bundle.ui-testing";
		};
/* End PBXNativeTarget section */

/* Begin PBXProject section */
		6268B11D27FDEABA00B5F408 /* Project object */ = {
			isa = PBXProject;
			attributes = {
				BuildIndependentTargetsInParallel = 1;
				LastSwiftUpdateCheck = 1330;
				LastUpgradeCheck = 1330;
				TargetAttributes = {
					6268B12427FDEABA00B5F408 = {
						CreatedOnToolsVersion = 13.3;
					};
					6268B13A27FDEABF00B5F408 = {
						CreatedOnToolsVersion = 13.3;
						TestTargetID = 6268B12427FDEABA00B5F408;
					};
					6268B14427FDEABF00B5F408 = {
						CreatedOnToolsVersion = 13.3;
						TestTargetID = 6268B12427FDEABA00B5F408;
					};
				};
			};
			buildConfigurationList = 6268B12027FDEABA00B5F408 /* Build configuration list for PBXProject "coverFlow1" */;
			compatibilityVersion = "Xcode 13.0";
			developmentRegion = en;
			hasScannedForEncodings = 0;
			knownRegions = (
				en,
				Base,
			);
			mainGroup = 6268B11C27FDEABA00B5F408;
			productRefGroup = 6268B12627FDEABA00B5F408 /* Products */;
			projectDirPath = "";
			projectRoot = "";
			targets = (
				6268B12427FDEABA00B5F408 /* coverFlow1 */,
				6268B13A27FDEABF00B5F408 /* coverFlow1Tests */,
				6268B14427FDEABF00B5F408 /* coverFlow1UITests */,
			);
		};
/* End PBXProject section */

/* Begin PBXResourcesBuildPhase section */
		6268B12327FDEABA00B5F408 /* Resources */ = {
			isa = PBXResourcesBuildPhase;
			buildActionMask = 2147483647;
			files = (
				6268B13527FDEABE00B5F408 /* LaunchScreen.storyboard in Resources */,
				6268B13227FDEABE00B5F408 /* Assets.xcassets in Resources */,
				6268B13027FDEABA00B5F408 /* Main.storyboard in Resources */,
			);
			runOnlyForDeploymentPostprocessing = 0;
		};
		6268B13927FDEABF00B5F408 /* Resources */ = {
			isa = PBXResourcesBuildPhase;
			buildActionMask = 2147483647;
			files = (
			);
			runOnlyForDeploymentPostprocessing = 0;
		};
		6268B14327FDEABF00B5F408 /* Resources */ = {
			isa = PBXResourcesBuildPhase;
			buildActionMask = 2147483647;
			files = (
			);
			runOnlyForDeploymentPostprocessing = 0;
		};
/* End PBXResourcesBuildPhase section */

/* Begin PBXSourcesBuildPhase section */
		6268B12127FDEABA00B5F408 /* Sources */ = {
			isa = PBXSourcesBuildPhase;
			buildActionMask = 2147483647;
			files = (
				6268B12D27FDEABA00B5F408 /* ViewController.swift in Sources */,
				6268B12927FDEABA00B5F408 /* AppDelegate.swift in Sources */,
				6268B12B27FDEABA00B5F408 /* SceneDelegate.swift in Sources */,
			);
			runOnlyForDeploymentPostprocessing = 0;
		};
		6268B13727FDEABF00B5F408 /* Sources */ = {
			isa = PBXSourcesBuildPhase;
			buildActionMask = 2147483647;
			files = (
				6268B14027FDEABF00B5F408 /* coverFlow1Tests.swift in Sources */,
			);
			runOnlyForDeploymentPostprocessing = 0;
		};
		6268B14127FDEABF00B5F408 /* Sources */ = {
			isa = PBXSourcesBuildPhase;
			buildActionMask = 2147483647;
			files = (
				6268B14C27FDEABF00B5F408 /* coverFlow1UITestsLaunchTests.swift in Sources */,
				6268B14A27FDEABF00B5F408 /* coverFlow1UITests.swift in Sources */,
			);
			runOnlyForDeploymentPostprocessing = 0;
		};
/* End PBXSourcesBuildPhase section */

/* Begin PBXTargetDependency section */
		6268B13D27FDEABF00B5F408 /* PBXTargetDependency */ = {
			isa = PBXTargetDependency;
			target = 6268B12427FDEABA00B5F408 /* coverFlow1 */;
			targetProxy = 6268B13C27FDEABF00B5F408 /* PBXContainerItemProxy */;
		};
		6268B14727FDEABF00B5F408 /* PBXTargetDependency */ = {
			isa = PBXTargetDependency;
			target = 6268B12427FDEABA00B5F408 /* coverFlow1 */;
			targetProxy = 6268B14627FDEABF00B5F408 /* PBXContainerItemProxy */;
		};
/* End PBXTargetDependency section */

/* Begin PBXVariantGroup section */
		6268B12E27FDEABA00B5F408 /* Main.storyboard */ = {
			isa = PBXVariantGroup;
			children = (
				6268B12F27FDEABA00B5F408 /* Base */,
			);
			name = Main.storyboard;
			sourceTree = "<group>";
		};
		6268B13327FDEABE00B5F408 /* LaunchScreen.storyboard */ = {
			isa = PBXVariantGroup;
			children = (
				6268B13427FDEABE00B5F408 /* Base */,
			);
			name = LaunchScreen.storyboard;
			sourceTree = "<group>";
		};
/* End PBXVariantGroup section */

/* Begin XCBuildConfiguration section */
		6268B14D27FDEABF00B5F408 /* Debug */ = {
			isa = XCBuildConfiguration;
			buildSettings = {
				ALWAYS_SEARCH_USER_PATHS = NO;
				CLANG_ANALYZER_NONNULL = YES;
				CLANG_ANALYZER_NUMBER_OBJECT_CONVERSION = YES_AGGRESSIVE;
				CLANG_CXX_LANGUAGE_STANDARD = "gnu++17";
				CLANG_ENABLE_MODULES = YES;
				CLANG_ENABLE_OBJC_ARC = YES;
				CLANG_ENABLE_OBJC_WEAK = YES;
				CLANG_WARN_BLOCK_CAPTURE_AUTORELEASING = YES;
				CLANG_WARN_BOOL_CONVERSION = YES;
				CLANG_WARN_COMMA = YES;
				CLANG_WARN_CONSTANT_CONVERSION = YES;
				CLANG_WARN_DEPRECATED_OBJC_IMPLEMENTATIONS = YES;
				CLANG_WARN_DIRECT_OBJC_ISA_USAGE = YES_ERROR;
				CLANG_WARN_DOCUMENTATION_COMMENTS = YES;
				CLANG_WARN_EMPTY_BODY = YES;
				CLANG_WARN_ENUM_CONVERSION = YES;
				CLANG_WARN_INFINITE_RECURSION = YES;
				CLANG_WARN_INT_CONVERSION = YES;
				CLANG_WARN_NON_LITERAL_NULL_CONVERSION = YES;
				CLANG_WARN_OBJC_IMPLICIT_RETAIN_SELF = YES;
				CLANG_WARN_OBJC_LITERAL_CONVERSION = YES;
				CLANG_WARN_OBJC_ROOT_CLASS = YES_ERROR;
				CLANG_WARN_QUOTED_INCLUDE_IN_FRAMEWORK_HEADER = YES;
				CLANG_WARN_RANGE_LOOP_ANALYSIS = YES;
				CLANG_WARN_STRICT_PROTOTYPES = YES;
				CLANG_WARN_SUSPICIOUS_MOVE = YES;
				CLANG_WARN_UNGUARDED_AVAILABILITY = YES_AGGRESSIVE;
				CLANG_WARN_UNREACHABLE_CODE = YES;
				CLANG_WARN__DUPLICATE_METHOD_MATCH = YES;
				COPY_PHASE_STRIP = NO;
				DEBUG_INFORMATION_FORMAT = dwarf;
				ENABLE_STRICT_OBJC_MSGSEND = YES;
				ENABLE_TESTABILITY = YES;
				GCC_C_LANGUAGE_STANDARD = gnu11;
				GCC_DYNAMIC_NO_PIC = NO;
				GCC_NO_COMMON_BLOCKS = YES;
				GCC_OPTIMIZATION_LEVEL = 0;
				GCC_PREPROCESSOR_DEFINITIONS = (
					"DEBUG=1",
					"$(inherited)",
				);
				GCC_WARN_64_TO_32_BIT_CONVERSION = YES;
				GCC_WARN_ABOUT_RETURN_TYPE = YES_ERROR;
				GCC_WARN_UNDECLARED_SELECTOR = YES;
				GCC_WARN_UNINITIALIZED_AUTOS = YES_AGGRESSIVE;
				GCC_WARN_UNUSED_FUNCTION = YES;
				GCC_WARN_UNUSED_VARIABLE = YES;
				IPHONEOS_DEPLOYMENT_TARGET = 15.4;
				MTL_ENABLE_DEBUG_INFO = INCLUDE_SOURCE;
				MTL_FAST_MATH = YES;
				ONLY_ACTIVE_ARCH = YES;
				SDKROOT = iphoneos;
				SWIFT_ACTIVE_COMPILATION_CONDITIONS = DEBUG;
				SWIFT_OPTIMIZATION_LEVEL = "-Onone";
			};
			name = Debug;
		};
		6268B14E27FDEABF00B5F408 /* Release */ = {
			isa = XCBuildConfiguration;
			buildSettings = {
				ALWAYS_SEARCH_USER_PATHS = NO;
				CLANG_ANALYZER_NONNULL = YES;
				CLANG_ANALYZER_NUMBER_OBJECT_CONVERSION = YES_AGGRESSIVE;
				CLANG_CXX_LANGUAGE_STANDARD = "gnu++17";
				CLANG_ENABLE_MODULES = YES;
				CLANG_ENABLE_OBJC_ARC = YES;
				CLANG_ENABLE_OBJC_WEAK = YES;
				CLANG_WARN_BLOCK_CAPTURE_AUTORELEASING = YES;
				CLANG_WARN_BOOL_CONVERSION = YES;
				CLANG_WARN_COMMA = YES;
				CLANG_WARN_CONSTANT_CONVERSION = YES;
				CLANG_WARN_DEPRECATED_OBJC_IMPLEMENTATIONS = YES;
				CLANG_WARN_DIRECT_OBJC_ISA_USAGE = YES_ERROR;
				CLANG_WARN_DOCUMENTATION_COMMENTS = YES;
				CLANG_WARN_EMPTY_BODY = YES;
				CLANG_WARN_ENUM_CONVERSION = YES;
				CLANG_WARN_INFINITE_RECURSION = YES;
				CLANG_WARN_INT_CONVERSION = YES;
				CLANG_WARN_NON_LITERAL_NULL_CONVERSION = YES;
				CLANG_WARN_OBJC_IMPLICIT_RETAIN_SELF = YES;
				CLANG_WARN_OBJC_LITERAL_CONVERSION = YES;
				CLANG_WARN_OBJC_ROOT_CLASS = YES_ERROR;
				CLANG_WARN_QUOTED_INCLUDE_IN_FRAMEWORK_HEADER = YES;
				CLANG_WARN_RANGE_LOOP_ANALYSIS = YES;
				CLANG_WARN_STRICT_PROTOTYPES = YES;
				CLANG_WARN_SUSPICIOUS_MOVE = YES;
				CLANG_WARN_UNGUARDED_AVAILABILITY = YES_AGGRESSIVE;
				CLANG_WARN_UNREACHABLE_CODE = YES;
				CLANG_WARN__DUPLICATE_METHOD_MATCH = YES;
				COPY_PHASE_STRIP = NO;
				DEBUG_INFORMATION_FORMAT = "dwarf-with-dsym";
				ENABLE_NS_ASSERTIONS = NO;
				ENABLE_STRICT_OBJC_MSGSEND = YES;
				GCC_C_LANGUAGE_STANDARD = gnu11;
				GCC_NO_COMMON_BLOCKS = YES;
				GCC_WARN_64_TO_32_BIT_CONVERSION = YES;
				GCC_WARN_ABOUT_RETURN_TYPE = YES_ERROR;
				GCC_WARN_UNDECLARED_SELECTOR = YES;
				GCC_WARN_UNINITIALIZED_AUTOS = YES_AGGRESSIVE;
				GCC_WARN_UNUSED_FUNCTION = YES;
				GCC_WARN_UNUSED_VARIABLE = YES;
				IPHONEOS_DEPLOYMENT_TARGET = 15.4;
				MTL_ENABLE_DEBUG_INFO = NO;
				MTL_FAST_MATH = YES;
				SDKROOT = iphoneos;
				SWIFT_COMPILATION_MODE = wholemodule;
				SWIFT_OPTIMIZATION_LEVEL = "-O";
				VALIDATE_PRODUCT = YES;
			};
			name = Release;
		};
		6268B15027FDEABF00B5F408 /* Debug */ = {
			isa = XCBuildConfiguration;
			buildSettings = {
				ASSETCATALOG_COMPILER_APPICON_NAME = AppIcon;
				ASSETCATALOG_COMPILER_GLOBAL_ACCENT_COLOR_NAME = AccentColor;
				CODE_SIGN_STYLE = Automatic;
				CURRENT_PROJECT_VERSION = 1;
				GENERATE_INFOPLIST_FILE = YES;
				INFOPLIST_FILE = coverFlow1/Info.plist;
				INFOPLIST_KEY_UIApplicationSupportsIndirectInputEvents = YES;
				INFOPLIST_KEY_UILaunchStoryboardName = LaunchScreen;
				INFOPLIST_KEY_UIMainStoryboardFile = Main;
				INFOPLIST_KEY_UISupportedInterfaceOrientations_iPad = "UIInterfaceOrientationPortrait UIInterfaceOrientationPortraitUpsideDown UIInterfaceOrientationLandscapeLeft UIInterfaceOrientationLandscapeRight";
				INFOPLIST_KEY_UISupportedInterfaceOrientations_iPhone = "UIInterfaceOrientationPortrait UIInterfaceOrientationLandscapeLeft UIInterfaceOrientationLandscapeRight";
				LD_RUNPATH_SEARCH_PATHS = (
					"$(inherited)",
					"@executable_path/Frameworks",
				);
				MARKETING_VERSION = 1.0;
				PRODUCT_BUNDLE_IDENTIFIER = tryMy.coverFlow1;
				PRODUCT_NAME = "$(TARGET_NAME)";
				SWIFT_EMIT_LOC_STRINGS = YES;
				SWIFT_VERSION = 5.0;
				TARGETED_DEVICE_FAMILY = "1,2";
			};
			name = Debug;
		};
		6268B15127FDEABF00B5F408 /* Release */ = {
			isa = XCBuildConfiguration;
			buildSettings = {
				ASSETCATALOG_COMPILER_APPICON_NAME = AppIcon;
				ASSETCATALOG_COMPILER_GLOBAL_ACCENT_COLOR_NAME = AccentColor;
				CODE_SIGN_STYLE = Automatic;
				CURRENT_PROJECT_VERSION = 1;
				GENERATE_INFOPLIST_FILE = YES;
				INFOPLIST_FILE = coverFlow1/Info.plist;
				INFOPLIST_KEY_UIApplicationSupportsIndirectInputEvents = YES;
				INFOPLIST_KEY_UILaunchStoryboardName = LaunchScreen;
				INFOPLIST_KEY_UIMainStoryboardFile = Main;
				INFOPLIST_KEY_UISupportedInterfaceOrientations_iPad = "UIInterfaceOrientationPortrait UIInterfaceOrientationPortraitUpsideDown UIInterfaceOrientationLandscapeLeft UIInterfaceOrientationLandscapeRight";
				INFOPLIST_KEY_UISupportedInterfaceOrientations_iPhone = "UIInterfaceOrientationPortrait UIInterfaceOrientationLandscapeLeft UIInterfaceOrientationLandscapeRight";
				LD_RUNPATH_SEARCH_PATHS = (
					"$(inherited)",
					"@executable_path/Frameworks",
				);
				MARKETING_VERSION = 1.0;
				PRODUCT_BUNDLE_IDENTIFIER = tryMy.coverFlow1;
				PRODUCT_NAME = "$(TARGET_NAME)";
				SWIFT_EMIT_LOC_STRINGS = YES;
				SWIFT_VERSION = 5.0;
				TARGETED_DEVICE_FAMILY = "1,2";
			};
			name = Release;
		};
		6268B15327FDEABF00B5F408 /* Debug */ = {
			isa = XCBuildConfiguration;
			buildSettings = {
				ALWAYS_EMBED_SWIFT_STANDARD_LIBRARIES = YES;
				BUNDLE_LOADER = "$(TEST_HOST)";
				CODE_SIGN_STYLE = Automatic;
				CURRENT_PROJECT_VERSION = 1;
				GENERATE_INFOPLIST_FILE = YES;
				IPHONEOS_DEPLOYMENT_TARGET = 15.4;
				MARKETING_VERSION = 1.0;
				PRODUCT_BUNDLE_IDENTIFIER = tryMy.coverFlow1Tests;
				PRODUCT_NAME = "$(TARGET_NAME)";
				SWIFT_EMIT_LOC_STRINGS = NO;
				SWIFT_VERSION = 5.0;
				TARGETED_DEVICE_FAMILY = "1,2";
				TEST_HOST = "$(BUILT_PRODUCTS_DIR)/coverFlow1.app/coverFlow1";
			};
			name = Debug;
		};
		6268B15427FDEABF00B5F408 /* Release */ = {
			isa = XCBuildConfiguration;
			buildSettings = {
				ALWAYS_EMBED_SWIFT_STANDARD_LIBRARIES = YES;
				BUNDLE_LOADER = "$(TEST_HOST)";
				CODE_SIGN_STYLE = Automatic;
				CURRENT_PROJECT_VERSION = 1;
				GENERATE_INFOPLIST_FILE = YES;
				IPHONEOS_DEPLOYMENT_TARGET = 15.4;
				MARKETING_VERSION = 1.0;
				PRODUCT_BUNDLE_IDENTIFIER = tryMy.coverFlow1Tests;
				PRODUCT_NAME = "$(TARGET_NAME)";
				SWIFT_EMIT_LOC_STRINGS = NO;
				SWIFT_VERSION = 5.0;
				TARGETED_DEVICE_FAMILY = "1,2";
				TEST_HOST = "$(BUILT_PRODUCTS_DIR)/coverFlow1.app/coverFlow1";
			};
			name = Release;
		};
		6268B15627FDEABF00B5F408 /* Debug */ = {
			isa = XCBuildConfiguration;
			buildSettings = {
				ALWAYS_EMBED_SWIFT_STANDARD_LIBRARIES = YES;
				CODE_SIGN_STYLE = Automatic;
				CURRENT_PROJECT_VERSION = 1;
				GENERATE_INFOPLIST_FILE = YES;
				MARKETING_VERSION = 1.0;
				PRODUCT_BUNDLE_IDENTIFIER = tryMy.coverFlow1UITests;
				PRODUCT_NAME = "$(TARGET_NAME)";
				SWIFT_EMIT_LOC_STRINGS = NO;
				SWIFT_VERSION = 5.0;
				TARGETED_DEVICE_FAMILY = "1,2";
				TEST_TARGET_NAME = coverFlow1;
			};
			name = Debug;
		};
		6268B15727FDEABF00B5F408 /* Release */ = {
			isa = XCBuildConfiguration;
			buildSettings = {
				ALWAYS_EMBED_SWIFT_STANDARD_LIBRARIES = YES;
				CODE_SIGN_STYLE = Automatic;
				CURRENT_PROJECT_VERSION = 1;
				GENERATE_INFOPLIST_FILE = YES;
				MARKETING_VERSION = 1.0;
				PRODUCT_BUNDLE_IDENTIFIER = tryMy.coverFlow1UITests;
				PRODUCT_NAME = "$(TARGET_NAME)";
				SWIFT_EMIT_LOC_STRINGS = NO;
				SWIFT_VERSION = 5.0;
				TARGETED_DEVICE_FAMILY = "1,2";
				TEST_TARGET_NAME = coverFlow1;
			};
			name = Release;
		};
/* End XCBuildConfiguration section */

/* Begin XCConfigurationList section */
		6268B12027FDEABA00B5F408 /* Build configuration list for PBXProject "coverFlow1" */ = {
			isa = XCConfigurationList;
			buildConfigurations = (
				6268B14D27FDEABF00B5F408 /* Debug */,
				6268B14E27FDEABF00B5F408 /* Release */,
			);
			defaultConfigurationIsVisible = 0;
			defaultConfigurationName = Release;
		};
		6268B14F27FDEABF00B5F408 /* Build configuration list for PBXNativeTarget "coverFlow1" */ = {
			isa = XCConfigurationList;
			buildConfigurations = (
				6268B15027FDEABF00B5F408 /* Debug */,
				6268B15127FDEABF00B5F408 /* Release */,
			);
			defaultConfigurationIsVisible = 0;
			defaultConfigurationName = Release;
		};
		6268B15227FDEABF00B5F408 /* Build configuration list for PBXNativeTarget "coverFlow1Tests" */ = {
			isa = XCConfigurationList;
			buildConfigurations = (
				6268B15327FDEABF00B5F408 /* Debug */,
				6268B15427FDEABF00B5F408 /* Release */,
			);
			defaultConfigurationIsVisible = 0;
			defaultConfigurationName = Release;
		};
		6268B15527FDEABF00B5F408 /* Build configuration list for PBXNativeTarget "coverFlow1UITests" */ = {
			isa = XCConfigurationList;
			buildConfigurations = (
				6268B15627FDEABF00B5F408 /* Debug */,
				6268B15727FDEABF00B5F408 /* Release */,
			);
			defaultConfigurationIsVisible = 0;
			defaultConfigurationName = Release;
		};
/* End XCConfigurationList section */
	};
	rootObject = 6268B11D27FDEABA00B5F408 /* Project object */;
}
